{
    "name": "gamingonaws",
    "version": "0.0.1",
    "lockfileVersion": 3,
    "requires": true,
    "packages": {
        "": {
            "version": "0.0.1",
            "dependencies": {
                "amazon-cognito-js": "^1.1.0",
                "aws-sdk": "^2.108.0",
                "base64-js": "^1.2.1",
                "download-file": "^0.1.5",
                "lodash": "^4.18.1",
                "md5-file": "^3.2.2",
                "node-async-loop": "^1.2.2",
                "node-dir": "^0.1.17",
                "punycode": "^2.1.0"
            }
        },
        "node_modules/amazon-cognito-js": {
            "version": "1.1.0",
            "resolved": "https://registry.npmjs.org/amazon-cognito-js/-/amazon-cognito-js-1.1.0.tgz",
            "integrity": "sha1-8bQ5jvH0bxBFJvOLENwRoJ2DOms="
        },
        "node_modules/aws-sdk": {
            "version": "2.108.0",
            "resolved": "https://registry.npmjs.org/aws-sdk/-/aws-sdk-2.108.0.tgz",
            "integrity": "sha1-i29u2Gkr/GysF4LQQk+YZ9G6pb0=",
            "deprecated": "The AWS SDK for JavaScript (v2) has reached end-of-support, and no longer receives updates. Please migrate your code to use AWS SDK for JavaScript (v3). More info https://a.co/cUPnyil",
            "dependencies": {
                "buffer": "4.9.1",
                "crypto-browserify": "1.0.9",
                "events": "^1.1.1",
                "jmespath": "0.15.0",
                "querystring": "0.2.0",
                "sax": "1.2.1",
                "url": "0.10.3",
                "uuid": "3.0.1",
                "xml2js": "0.4.17",
                "xmlbuilder": "4.2.1"
            },
            "engines": {
                "node": ">= 0.8.0"
            }
        },
        "node_modules/balanced-match": {
            "version": "1.0.0",
            "resolved": "https://registry.npmjs.org/balanced-match/-/balanced-match-1.0.0.tgz",
            "integrity": "sha1-ibTRmasr7kneFk6gK4nORi1xt2c="
        },
        "node_modules/base64-js": {
            "version": "1.2.1",
            "resolved": "https://registry.npmjs.org/base64-js/-/base64-js-1.2.1.tgz",
            "integrity": "sha512-dwVUVIXsBZXwTuwnXI9RK8sBmgq09NDHzyR9SAph9eqk76gKK2JSQmZARC2zRC81JC2QTtxD0ARU5qTS25gIGw=="
        },
        "node_modules/brace-expansion": {
            "version": "1.1.8",
            "resolved": "https://registry.npmjs.org/brace-expansion/-/brace-expansion-1.1.8.tgz",
            "integrity": "sha1-wHshHHyVLsH479Uad+8NHTmQopI=",
            "dependencies": {
                "balanced-match": "^1.0.0",
                "concat-map": "0.0.1"
            }
        },
        "node_modules/buffer": {
            "version": "4.9.1",
            "resolved": "https://registry.npmjs.org/buffer/-/buffer-4.9.1.tgz",
            "integrity": "sha1-bRu2AbB6TvztlwlBMgkwJ8lbwpg=",
            "deprecated": "This version of 'buffer' is out-of-date. You must update to v4.9.2 or newer",
            "dependencies": {
                "base64-js": "^1.0.2",
                "ieee754": "^1.1.4",
                "isarray": "^1.0.0"
            }
        },
        "node_modules/buffer-alloc": {
            "version": "1.1.0",
            "resolved": "https://registry.npmjs.org/buffer-alloc/-/buffer-alloc-1.1.0.tgz",
            "integrity": "sha1-BVFNM78WVtNUDGhPZbEgLpDsowM=",
            "dependencies": {
                "buffer-alloc-unsafe": "^0.1.0",
                "buffer-fill": "^0.1.0"
            }
        },
        "node_modules/buffer-alloc-unsafe": {
            "version": "0.1.1",
            "resolved": "https://registry.npmjs.org/buffer-alloc-unsafe/-/buffer-alloc-unsafe-0.1.1.tgz",
            "integrity": "sha1-/+H2dVHdBVc33iUzN7/oU9+rGmo="
        },
        "node_modules/buffer-fill": {
            "version": "0.1.0",
            "resolved": "https://registry.npmjs.org/buffer-fill/-/buffer-fill-0.1.0.tgz",
            "integrity": "sha1-ypRw6NTRuXf9dUP04qtqfclRAag="
        },
        "node_modules/concat-map": {
            "version": "0.0.1",
            "resolved": "https://registry.npmjs.org/concat-map/-/concat-map-0.0.1.tgz",
            "integrity": "sha1-2Klr13/Wjfd5OnMDajug1UBdR3s="
        },
        "node_modules/crypto-browserify": {
            "version": "1.0.9",
            "resolved": "https://registry.npmjs.org/crypto-browserify/-/crypto-browserify-1.0.9.tgz",
            "integrity": "sha1-zFRJaF37hesRyYKKzHy4erW7/MA=",
            "engines": {
                "node": "*"
            }
        },
        "node_modules/download-file": {
            "version": "0.1.5",
            "resolved": "https://registry.npmjs.org/download-file/-/download-file-0.1.5.tgz",
            "integrity": "sha1-ylC6ZNkJSwyHAu+f/5LSGJ4UERc=",
            "dependencies": {
                "mkdirp": "^0.5.0"
            }
        },
        "node_modules/events": {
            "version": "1.1.1",
            "resolved": "https://registry.npmjs.org/events/-/events-1.1.1.tgz",
            "integrity": "sha1-nr23Y1rQmccNzEwqH1AEKI6L2SQ=",
            "engines": {
                "node": ">=0.4.x"
            }
        },
        "node_modules/ieee754": {
            "version": "1.1.8",
            "resolved": "https://registry.npmjs.org/ieee754/-/ieee754-1.1.8.tgz",
            "integrity": "sha1-vjPUCsEO8ZJnAfbwii2G+/0a0+Q="
        },
        "node_modules/isarray": {
            "version": "1.0.0",
            "resolved": "https://registry.npmjs.org/isarray/-/isarray-1.0.0.tgz",
            "integrity": "sha1-u5NdSFgsuhaMBoNJV6VKPgcSTxE="
        },
        "node_modules/jmespath": {
            "version": "0.15.0",
            "resolved": "https://registry.npmjs.org/jmespath/-/jmespath-0.15.0.tgz",
            "integrity": "sha1-o/Iiqarp+Wb10nx5ZRDigJF2Qhc=",
            "engines": {
                "node": ">= 0.6.0"
            }
        },
        "node_modules/lodash": {
            "version": "4.18.1",
            "resolved": "https://registry.npmjs.org/lodash/-/lodash-4.18.1.tgz",
            "integrity": "sha512-dMInicTPVE8d1e5otfwmmjlxkZoUpiVLwyeTdUsi/Caj/gfzzblBcCE5sRHV/AsjuCmxWrte2TNGSYuCeCq+0Q==",
            "license": "MIT"
        },
        "node_modules/md5-file": {
            "version": "3.2.2",
            "resolved": "https://registry.npmjs.org/md5-file/-/md5-file-3.2.2.tgz",
            "integrity": "sha512-E8eX+EZ7o4duXYl9fkbM9q6KUDvmwwvLA66G8psDHtw6ZW2MXyKH7xNd7yRd4wbVXaMpSrffCTXPnzlO/tXkMg==",
            "dependencies": {
                "buffer-alloc": "^1.1.0"
            },
            "bin": {
                "md5-file": "index.js"
            },
            "engines": {
                "node": ">=0.10"
            }
        },
        "node_modules/minimatch": {
            "version": "3.0.4",
            "resolved": "https://registry.npmjs.org/minimatch/-/minimatch-3.0.4.tgz",
            "integrity": "sha512-yJHVQEhyqPLUTgt9B83PXu6W3rx4MvvHvSUvToogpwoGDOUQ+yDrR0HRot+yOCdCO7u4hX3pWft6kWBBcqh0UA==",
            "dependencies": {
                "brace-expansion": "^1.1.7"
            },
            "engines": {
                "node": "*"
            }
        },
        "node_modules/minimist": {
            "version": "1.2.8",
            "resolved": "https://registry.npmjs.org/minimist/-/minimist-1.2.8.tgz",
            "integrity": "sha512-2yyAR8qBkN3YuheJanUpWC5U3bb5osDywNB8RzDVlDwDHbocAJveqqj1u8+SVD7jkWT4yvsHCpWqqWqAxb0zCA==",
            "license": "MIT",
            "funding": {
                "url": "https://github.com/sponsors/ljharb"
            }
        },
        "node_modules/mkdirp": {
            "version": "0.5.6",
            "resolved": "https://registry.npmjs.org/mkdirp/-/mkdirp-0.5.6.tgz",
            "integrity": "sha512-FP+p8RB8OWpF3YZBCrP5gtADmtXApB5AMLn+vdyA+PyxCjrCs00mjyUozssO33cwDeT3wNGdLxJ5M//YqtHAJw==",
            "license": "MIT",
            "dependencies": {
                "minimist": "^1.2.6"
            },
            "bin": {
                "mkdirp": "bin/cmd.js"
            }
        },
        "node_modules/node-async-loop": {
            "version": "1.2.2",
            "resolved": "https://registry.npmjs.org/node-async-loop/-/node-async-loop-1.2.2.tgz",
            "integrity": "sha1-xYcCmb9kd7eAyItDGqWzdzP1Wj0=",
            "deprecated": "Package no longer supported. Contact Support at https://www.npmjs.com/support for more info."
        },
        "node_modules/node-dir": {
            "version": "0.1.17",
            "resolved": "https://registry.npmjs.org/node-dir/-/node-dir-0.1.17.tgz",
            "integrity": "sha1-X1Zl2TNRM1yqvvjxxVRRbPXx5OU=",
            "dependencies": {
                "minimatch": "^3.0.2"
            },
            "engines": {
                "node": ">= 0.10.5"
            }
        },
        "node_modules/punycode": {
            "version": "2.1.0",
            "resolved": "https://registry.npmjs.org/punycode/-/punycode-2.1.0.tgz",
            "integrity": "sha1-X4Y+3Im5bbCQdLrXlHvwkFbKTn0=",
            "engines": {
                "node": ">=6"
            }
        },
        "node_modules/querystring": {
            "version": "0.2.0",
            "resolved": "https://registry.npmjs.org/querystring/-/querystring-0.2.0.tgz",
            "integrity": "sha1-sgmEkgO7Jd+CDadW50cAWHhSFiA=",
            "deprecated": "The querystring API is considered Legacy. new code should use the URLSearchParams API instead.",
            "engines": {
                "node": ">=0.4.x"
            }
        },
        "node_modules/sax": {
            "version": "1.2.1",
            "resolved": "https://registry.npmjs.org/sax/-/sax-1.2.1.tgz",
            "integrity": "sha1-e45lYZCyKOgaZq6nSEgNgozS03o="
        },
        "node_modules/url": {
            "version": "0.10.3",
            "resolved": "https://registry.npmjs.org/url/-/url-0.10.3.tgz",
            "integrity": "sha1-Ah5NnHcF8hu/N9A861h2dAJ3TGQ=",
            "dependencies": {
                "punycode": "1.3.2",
                "querystring": "0.2.0"
            }
        },
        "node_modules/url/node_modules/punycode": {
            "version": "1.3.2",
            "resolved": "https://registry.npmjs.org/punycode/-/punycode-1.3.2.tgz",
            "integrity": "sha1-llOgNvt8HuQjQvIyXM7v6jkmxI0="
        },
        "node_modules/uuid": {
            "version": "3.0.1",
            "resolved": "https://registry.npmjs.org/uuid/-/uuid-3.0.1.tgz",
            "integrity": "sha1-ZUS7ot/ajBzxfmKaOjBeK7H+5sE=",
            "deprecated": "uuid@10 and below is no longer supported.  For ESM codebases, update to uuid@latest.  For CommonJS codebases, use uuid@11 (but be aware this version will likely be deprecated in 2028).",
            "bin": {
                "uuid": "bin/uuid"
            }
        },
        "node_modules/xml2js": {
            "version": "0.4.17",
            "resolved": "https://registry.npmjs.org/xml2js/-/xml2js-0.4.17.tgz",
            "integrity": "sha1-F76T6q4/O3eTWceVtBlwWogX6Gg=",
            "dependencies": {
                "sax": ">=0.6.0",
                "xmlbuilder": "^4.1.0"
            }
        },
        "node_modules/xmlbuilder": {
            "version": "4.2.1",
            "resolved": "https://registry.npmjs.org/xmlbuilder/-/xmlbuilder-4.2.1.tgz",
            "integrity": "sha1-qlijBBoGb5DqoWwvU4n/GfP0YaU=",
            "dependencies": {
                "lodash": "^4.0.0"
            },
            "engines": {
                "node": ">=0.8.0"
            }
        }
    }
}
